// !$*UTF8*$!
{
	archiveVersion = 1;
	classes = {
	};
	objectVersion = 46;
	objects = {

/* Begin PBXBuildFile section */
		A39823161EAA611E005E2A06 /* AppDelegate.swift in Sources */ = {isa = PBXBuildFile; fileRef = A39823151EAA611E005E2A06 /* AppDelegate.swift */; };
		A39823181EAA611E005E2A06 /* ViewController.swift in Sources */ = {isa = PBXBuildFile; fileRef = A39823171EAA611E005E2A06 /* ViewController.swift */; };
		A398231B1EAA611E005E2A06 /* Main.storyboard in Resources */ = {isa = PBXBuildFile; fileRef = A39823191EAA611E005E2A06 /* Main.storyboard */; };
		A398231D1EAA611E005E2A06 /* Assets.xcassets in Resources */ = {isa = PBXBuildFile; fileRef = A398231C1EAA611E005E2A06 /* Assets.xcassets */; };
		A39823201EAA611E005E2A06 /* LaunchScreen.storyboard in Resources */ = {isa = PBXBuildFile; fileRef = A398231E1EAA611E005E2A06 /* LaunchScreen.storyboard */; };
		A39823421EAA614E005E2A06 /* Default-568h@2x.png in Resources */ = {isa = PBXBuildFile; fileRef = A39823291EAA614E005E2A06 /* Default-568h@2x.png */; };
		A39823431EAA614E005E2A06 /* Default-667h@2x.png in Resources */ = {isa = PBXBuildFile; fileRef = A398232A1EAA614E005E2A06 /* Default-667h@2x.png */; };
		A39823441EAA614E005E2A06 /* Default-736h@3x.png in Resources */ = {isa = PBXBuildFile; fileRef = A398232B1EAA614E005E2A06 /* Default-736h@3x.png */; };
		A39823451EAA614E005E2A06 /* misaki_gothic.ttf in Resources */ = {isa = PBXBuildFile; fileRef = A398232D1EAA614E005E2A06 /* misaki_gothic.ttf */; };
		A39823461EAA614E005E2A06 /* battlebg.png in Resources */ = {isa = PBXBuildFile; fileRef = A398232F1EAA614E005E2A06 /* battlebg.png */; };
		A39823471EAA614E005E2A06 /* bgimage.jpg in Resources */ = {isa = PBXBuildFile; fileRef = A39823301EAA614E005E2A06 /* bgimage.jpg */; };
		A39823481EAA614E005E2A06 /* gold_button.png in Resources */ = {isa = PBXBuildFile; fileRef = A39823311EAA614E005E2A06 /* gold_button.png */; };
		A39823491EAA614E005E2A06 /* lobby.png in Resources */ = {isa = PBXBuildFile; fileRef = A39823321EAA614E005E2A06 /* lobby.png */; };
		A398234A1EAA614E005E2A06 /* monster.png in Resources */ = {isa = PBXBuildFile; fileRef = A39823331EAA614E005E2A06 /* monster.png */; };
		A398234B1EAA614E005E2A06 /* waku.png in Resources */ = {isa = PBXBuildFile; fileRef = A39823341EAA614E005E2A06 /* waku.png */; };
		A398234C1EAA614E005E2A06 /* yusya.png in Resources */ = {isa = PBXBuildFile; fileRef = A39823351EAA614E005E2A06 /* yusya.png */; };
		A398234D1EAA614E005E2A06 /* Enemy.swift in Sources */ = {isa = PBXBuildFile; fileRef = A39823371EAA614E005E2A06 /* Enemy.swift */; };
		A398234E1EAA614E005E2A06 /* Player.swift in Sources */ = {isa = PBXBuildFile; fileRef = A39823381EAA614E005E2A06 /* Player.swift */; };
		A398234F1EAA614E005E2A06 /* TechDraUtil.swift in Sources */ = {isa = PBXBuildFile; fileRef = A39823391EAA614E005E2A06 /* TechDraUtil.swift */; };
		A39823501EAA614E005E2A06 /* BGM_battle001.mp3 in Resources */ = {isa = PBXBuildFile; fileRef = A398233B1EAA614E005E2A06 /* BGM_battle001.mp3 */; };
		A39823511EAA614E005E2A06 /* lobby.mp3 in Resources */ = {isa = PBXBuildFile; fileRef = A398233C1EAA614E005E2A06 /* lobby.mp3 */; };
		A39823521EAA614E005E2A06 /* SE_attack.mp3 in Resources */ = {isa = PBXBuildFile; fileRef = A398233D1EAA614E005E2A06 /* SE_attack.mp3 */; };
		A39823531EAA614E005E2A06 /* SE_charge.mp3 in Resources */ = {isa = PBXBuildFile; fileRef = A398233E1EAA614E005E2A06 /* SE_charge.mp3 */; };
		A39823541EAA614E005E2A06 /* SE_fanfare.mp3 in Resources */ = {isa = PBXBuildFile; fileRef = A398233F1EAA614E005E2A06 /* SE_fanfare.mp3 */; };
		A39823551EAA614E005E2A06 /* SE_fire.mp3 in Resources */ = {isa = PBXBuildFile; fileRef = A39823401EAA614E005E2A06 /* SE_fire.mp3 */; };
		A39823561EAA614E005E2A06 /* SE_gameover.mp3 in Resources */ = {isa = PBXBuildFile; fileRef = A39823411EAA614E005E2A06 /* SE_gameover.mp3 */; };
		A39823581EAA661E005E2A06 /* LobbyViewController.swift in Sources */ = {isa = PBXBuildFile; fileRef = A39823571EAA661E005E2A06 /* LobbyViewController.swift */; };
		A398235A1EAA667B005E2A06 /* BattleViewController.swift in Sources */ = {isa = PBXBuildFile; fileRef = A39823591EAA667B005E2A06 /* BattleViewController.swift */; };
/* End PBXBuildFile section */

/* Begin PBXFileReference section */
		A39823121EAA611E005E2A06 /* TechMonster.app */ = {isa = PBXFileReference; explicitFileType = wrapper.application; includeInIndex = 0; path = TechMonster.app; sourceTree = BUILT_PRODUCTS_DIR; };
		A39823151EAA611E005E2A06 /* AppDelegate.swift */ = {isa = PBXFileReference; lastKnownFileType = sourcecode.swift; path = AppDelegate.swift; sourceTree = "<group>"; };
		A39823171EAA611E005E2A06 /* ViewController.swift */ = {isa = PBXFileReference; lastKnownFileType = sourcecode.swift; path = ViewController.swift; sourceTree = "<group>"; };
		A398231A1EAA611E005E2A06 /* Base */ = {isa = PBXFileReference; lastKnownFileType = file.storyboard; name = Base; path = Base.lproj/Main.storyboard; sourceTree = "<group>"; };
		A398231C1EAA611E005E2A06 /* Assets.xcassets */ = {isa = PBXFileReference; lastKnownFileType = folder.assetcatalog; path = Assets.xcassets; sourceTree = "<group>"; };
		A398231F1EAA611E005E2A06 /* Base */ = {isa = PBXFileReference; lastKnownFileType = file.storyboard; name = Base; path = Base.lproj/LaunchScreen.storyboard; sourceTree = "<group>"; };
		A39823211EAA611E005E2A06 /* Info.plist */ = {isa = PBXFileReference; lastKnownFileType = text.plist.xml; path = Info.plist; sourceTree = "<group>"; };
		A39823291EAA614E005E2A06 /* Default-568h@2x.png */ = {isa = PBXFileReference; lastKnownFileType = image.png; path = "Default-568h@2x.png"; sourceTree = "<group>"; };
		A398232A1EAA614E005E2A06 /* Default-667h@2x.png */ = {isa = PBXFileReference; lastKnownFileType = image.png; path = "Default-667h@2x.png"; sourceTree = "<group>"; };
		A398232B1EAA614E005E2A06 /* Default-736h@3x.png */ = {isa = PBXFileReference; lastKnownFileType = image.png; path = "Default-736h@3x.png"; sourceTree = "<group>"; };
		A398232D1EAA614E005E2A06 /* misaki_gothic.ttf */ = {isa = PBXFileReference; lastKnownFileType = file; path = misaki_gothic.ttf; sourceTree = "<group>"; };
		A398232F1EAA614E005E2A06 /* battlebg.png */ = {isa = PBXFileReference; lastKnownFileType = image.png; path = battlebg.png; sourceTree = "<group>"; };
		A39823301EAA614E005E2A06 /* bgimage.jpg */ = {isa = PBXFileReference; lastKnownFileType = image.jpeg; path = bgimage.jpg; sourceTree = "<group>"; };
		A39823311EAA614E005E2A06 /* gold_button.png */ = {isa = PBXFileReference; lastKnownFileType = image.png; path = gold_button.png; sourceTree = "<group>"; };
		A39823321EAA614E005E2A06 /* lobby.png */ = {isa = PBXFileReference; lastKnownFileType = image.png; path = lobby.png; sourceTree = "<group>"; };
		A39823331EAA614E005E2A06 /* monster.png */ = {isa = PBXFileReference; lastKnownFileType = image.png; path = monster.png; sourceTree = "<group>"; };
		A39823341EAA614E005E2A06 /* waku.png */ = {isa = PBXFileReference; lastKnownFileType = image.png; path = waku.png; sourceTree = "<group>"; };
		A39823351EAA614E005E2A06 /* yusya.png */ = {isa = PBXFileReference; lastKnownFileType = image.png; path = yusya.png; sourceTree = "<group>"; };
		A39823371EAA614E005E2A06 /* Enemy.swift */ = {isa = PBXFileReference; fileEncoding = 4; lastKnownFileType = sourcecode.swift; path = Enemy.swift; sourceTree = "<group>"; };
		A39823381EAA614E005E2A06 /* Player.swift */ = {isa = PBXFileReference; fileEncoding = 4; lastKnownFileType = sourcecode.swift; path = Player.swift; sourceTree = "<group>"; };
		A39823391EAA614E005E2A06 /* TechDraUtil.swift */ = {isa = PBXFileReference; fileEncoding = 4; lastKnownFileType = sourcecode.swift; path = TechDraUtil.swift; sourceTree = "<group>"; };
		A398233B1EAA614E005E2A06 /* BGM_battle001.mp3 */ = {isa = PBXFileReference; lastKnownFileType = audio.mp3; path = BGM_battle001.mp3; sourceTree = "<group>"; };
		A398233C1EAA614E005E2A06 /* lobby.mp3 */ = {isa = PBXFileReference; lastKnownFileType = audio.mp3; path = lobby.mp3; sourceTree = "<group>"; };
		A398233D1EAA614E005E2A06 /* SE_attack.mp3 */ = {isa = PBXFileReference; lastKnownFileType = audio.mp3; path = SE_attack.mp3; sourceTree = "<group>"; };
		A398233E1EAA614E005E2A06 /* SE_charge.mp3 */ = {isa = PBXFileReference; lastKnownFileType = audio.mp3; path = SE_charge.mp3; sourceTree = "<group>"; };
		A398233F1EAA614E005E2A06 /* SE_fanfare.mp3 */ = {isa = PBXFileReference; lastKnownFileType = audio.mp3; path = SE_fanfare.mp3; sourceTree = "<group>"; };
		A39823401EAA614E005E2A06 /* SE_fire.mp3 */ = {isa = PBXFileReference; lastKnownFileType = audio.mp3; path = SE_fire.mp3; sourceTree = "<group>"; };
		A39823411EAA614E005E2A06 /* SE_gameover.mp3 */ = {isa = PBXFileReference; lastKnownFileType = audio.mp3; path = SE_gameover.mp3; sourceTree = "<group>"; };
		A39823571EAA661E005E2A06 /* LobbyViewController.swift */ = {isa = PBXFileReference; fileEncoding = 4; lastKnownFileType = sourcecode.swift; path = LobbyViewController.swift; sourceTree = "<group>"; };
		A39823591EAA667B005E2A06 /* BattleViewController.swift */ = {isa = PBXFileReference; fileEncoding = 4; lastKnownFileType = sourcecode.swift; path = BattleViewController.swift; sourceTree = "<group>"; };
/* End PBXFileReference section */

/* Begin PBXFrameworksBuildPhase section */
		A398230F1EAA611E005E2A06 /* Frameworks */ = {
			isa = PBXFrameworksBuildPhase;
			buildActionMask = 2147483647;
			files = (
			);
			runOnlyForDeploymentPostprocessing = 0;
		};
/* End PBXFrameworksBuildPhase section */

/* Begin PBXGroup section */
		A39823091EAA611E005E2A06 = {
			isa = PBXGroup;
			children = (
				A39823141EAA611E005E2A06 /* TechMonster */,
				A39823131EAA611E005E2A06 /* Products */,
				A39823271EAA614E005E2A06 /* TechMon_Resources */,
			);
			sourceTree = "<group>";
		};
		A39823131EAA611E005E2A06 /* Products */ = {
			isa = PBXGroup;
			children = (
				A39823121EAA611E005E2A06 /* TechMonster.app */,
			);
			name = Products;
			sourceTree = "<group>";
		};
		A39823141EAA611E005E2A06 /* TechMonster */ = {
			isa = PBXGroup;
			children = (
				A39823151EAA611E005E2A06 /* AppDelegate.swift */,
				A39823171EAA611E005E2A06 /* ViewController.swift */,
				A39823191EAA611E005E2A06 /* Main.storyboard */,
				A398231C1EAA611E005E2A06 /* Assets.xcassets */,
				A398231E1EAA611E005E2A06 /* LaunchScreen.storyboard */,
				A39823211EAA611E005E2A06 /* Info.plist */,
				A39823571EAA661E005E2A06 /* LobbyViewController.swift */,
				A39823591EAA667B005E2A06 /* BattleViewController.swift */,
			);
			path = TechMonster;
			sourceTree = "<group>";
		};
		A39823271EAA614E005E2A06 /* TechMon_Resources */ = {
			isa = PBXGroup;
			children = (
				A39823281EAA614E005E2A06 /* Defaults */,
				A398232C1EAA614E005E2A06 /* Fonts */,
				A398232E1EAA614E005E2A06 /* Images */,
				A39823361EAA614E005E2A06 /* Models */,
				A398233A1EAA614E005E2A06 /* Sounds */,
			);
			name = TechMon_Resources;
			path = TechMonster/TechMon_Resources;
			sourceTree = "<group>";
		};
		A39823281EAA614E005E2A06 /* Defaults */ = {
			isa = PBXGroup;
			children = (
				A39823291EAA614E005E2A06 /* Default-568h@2x.png */,
				A398232A1EAA614E005E2A06 /* Default-667h@2x.png */,
				A398232B1EAA614E005E2A06 /* Default-736h@3x.png */,
			);
			path = Defaults;
			sourceTree = "<group>";
		};
		A398232C1EAA614E005E2A06 /* Fonts */ = {
			isa = PBXGroup;
			children = (
				A398232D1EAA614E005E2A06 /* misaki_gothic.ttf */,
			);
			path = Fonts;
			sourceTree = "<group>";
		};
		A398232E1EAA614E005E2A06 /* Images */ = {
			isa = PBXGroup;
			children = (
				A398232F1EAA614E005E2A06 /* battlebg.png */,
				A39823301EAA614E005E2A06 /* bgimage.jpg */,
				A39823311EAA614E005E2A06 /* gold_button.png */,
				A39823321EAA614E005E2A06 /* lobby.png */,
				A39823331EAA614E005E2A06 /* monster.png */,
				A39823341EAA614E005E2A06 /* waku.png */,
				A39823351EAA614E005E2A06 /* yusya.png */,
			);
			path = Images;
			sourceTree = "<group>";
		};
		A39823361EAA614E005E2A06 /* Models */ = {
			isa = PBXGroup;
			children = (
				A39823371EAA614E005E2A06 /* Enemy.swift */,
				A39823381EAA614E005E2A06 /* Player.swift */,
				A39823391EAA614E005E2A06 /* TechDraUtil.swift */,
			);
			path = Models;
			sourceTree = "<group>";
		};
		A398233A1EAA614E005E2A06 /* Sounds */ = {
			isa = PBXGroup;
			children = (
				A398233B1EAA614E005E2A06 /* BGM_battle001.mp3 */,
				A398233C1EAA614E005E2A06 /* lobby.mp3 */,
				A398233D1EAA614E005E2A06 /* SE_attack.mp3 */,
				A398233E1EAA614E005E2A06 /* SE_charge.mp3 */,
				A398233F1EAA614E005E2A06 /* SE_fanfare.mp3 */,
				A39823401EAA614E005E2A06 /* SE_fire.mp3 */,
				A39823411EAA614E005E2A06 /* SE_gameover.mp3 */,
			);
			path = Sounds;
			sourceTree = "<group>";
		};
/* End PBXGroup section */

/* Begin PBXNativeTarget section */
		A39823111EAA611E005E2A06 /* TechMonster */ = {
			isa = PBXNativeTarget;
			buildConfigurationList = A39823241EAA611E005E2A06 /* Build configuration list for PBXNativeTarget "TechMonster" */;
			buildPhases = (
				A398230E1EAA611E005E2A06 /* Sources */,
				A398230F1EAA611E005E2A06 /* Frameworks */,
				A39823101EAA611E005E2A06 /* Resources */,
			);
			buildRules = (
			);
			dependencies = (
			);
			name = TechMonster;
			productName = TechMonster;
			productReference = A39823121EAA611E005E2A06 /* TechMonster.app */;
			productType = "com.apple.product-type.application";
		};
/* End PBXNativeTarget section */

/* Begin PBXProject section */
		A398230A1EAA611E005E2A06 /* Project object */ = {
			isa = PBXProject;
			attributes = {
				LastSwiftUpdateCheck = 0830;
				LastUpgradeCheck = 0830;
				ORGANIZATIONNAME = "小島光平";
				TargetAttributes = {
					A39823111EAA611E005E2A06 = {
						CreatedOnToolsVersion = 8.3.2;
						DevelopmentTeam = PLRTA5B4ZM;
						ProvisioningStyle = Automatic;
					};
				};
			};
			buildConfigurationList = A398230D1EAA611E005E2A06 /* Build configuration list for PBXProject "TechMonster" */;
			compatibilityVersion = "Xcode 3.2";
			developmentRegion = English;
			hasScannedForEncodings = 0;
			knownRegions = (
				en,
				Base,
			);
			mainGroup = A39823091EAA611E005E2A06;
			productRefGroup = A39823131EAA611E005E2A06 /* Products */;
			projectDirPath = "";
			projectRoot = "";
			targets = (
				A39823111EAA611E005E2A06 /* TechMonster */,
			);
		};
/* End PBXProject section */

/* Begin PBXResourcesBuildPhase section */
		A39823101EAA611E005E2A06 /* Resources */ = {
			isa = PBXResourcesBuildPhase;
			buildActionMask = 2147483647;
			files = (
				A398234B1EAA614E005E2A06 /* waku.png in Resources */,
				A39823201EAA611E005E2A06 /* LaunchScreen.storyboard in Resources */,
				A39823551EAA614E005E2A06 /* SE_fire.mp3 in Resources */,
				A39823451EAA614E005E2A06 /* misaki_gothic.ttf in Resources */,
				A39823541EAA614E005E2A06 /* SE_fanfare.mp3 in Resources */,
				A39823501EAA614E005E2A06 /* BGM_battle001.mp3 in Resources */,
				A398234A1EAA614E005E2A06 /* monster.png in Resources */,
				A39823421EAA614E005E2A06 /* Default-568h@2x.png in Resources */,
				A39823521EAA614E005E2A06 /* SE_attack.mp3 in Resources */,
				A39823491EAA614E005E2A06 /* lobby.png in Resources */,
				A39823481EAA614E005E2A06 /* gold_button.png in Resources */,
				A398231D1EAA611E005E2A06 /* Assets.xcassets in Resources */,
				A39823461EAA614E005E2A06 /* battlebg.png in Resources */,
				A398231B1EAA611E005E2A06 /* Main.storyboard in Resources */,
				A39823471EAA614E005E2A06 /* bgimage.jpg in Resources */,
				A39823561EAA614E005E2A06 /* SE_gameover.mp3 in Resources */,
				A398234C1EAA614E005E2A06 /* yusya.png in Resources */,
				A39823431EAA614E005E2A06 /* Default-667h@2x.png in Resources */,
				A39823441EAA614E005E2A06 /* Default-736h@3x.png in Resources */,
				A39823531EAA614E005E2A06 /* SE_charge.mp3 in Resources */,
				A39823511EAA614E005E2A06 /* lobby.mp3 in Resources */,
			);
			runOnlyForDeploymentPostprocessing = 0;
		};
/* End PBXResourcesBuildPhase section */

/* Begin PBXSourcesBuildPhase section */
		A398230E1EAA611E005E2A06 /* Sources */ = {
			isa = PBXSourcesBuildPhase;
			buildActionMask = 2147483647;
			files = (
				A398235A1EAA667B005E2A06 /* BattleViewController.swift in Sources */,
				A398234E1EAA614E005E2A06 /* Player.swift in Sources */,
				A39823181EAA611E005E2A06 /* ViewController.swift in Sources */,
				A39823161EAA611E005E2A06 /* AppDelegate.swift in Sources */,
				A39823581EAA661E005E2A06 /* LobbyViewController.swift in Sources */,
				A398234D1EAA614E005E2A06 /* Enemy.swift in Sources */,
				A398234F1EAA614E005E2A06 /* TechDraUtil.swift in Sources */,
			);
			runOnlyForDeploymentPostprocessing = 0;
		};
/* End PBXSourcesBuildPhase section */

/* Begin PBXVariantGroup section */
		A39823191EAA611E005E2A06 /* Main.storyboard */ = {
			isa = PBXVariantGroup;
			children = (
				A398231A1EAA611E005E2A06 /* Base */,
			);
			name = Main.storyboard;
			sourceTree = "<group>";
		};
		A398231E1EAA611E005E2A06 /* LaunchScreen.storyboard */ = {
			isa = PBXVariantGroup;
			children = (
				A398231F1EAA611E005E2A06 /* Base */,
			);
			name = LaunchScreen.storyboard;
			sourceTree = "<group>";
		};
/* End PBXVariantGroup section */

/* Begin XCBuildConfiguration section */
		A39823221EAA611E005E2A06 /* Debug */ = {
			isa = XCBuildConfiguration;
			buildSettings = {
				ALWAYS_SEARCH_USER_PATHS = NO;
				CLANG_ANALYZER_NONNULL = YES;
				CLANG_ANALYZER_NUMBER_OBJECT_CONVERSION = YES_AGGRESSIVE;
				CLANG_CXX_LANGUAGE_STANDARD = "gnu++0x";
				CLANG_CXX_LIBRARY = "libc++";
				CLANG_ENABLE_MODULES = YES;
				CLANG_ENABLE_OBJC_ARC = YES;
				CLANG_WARN_BOOL_CONVERSION = YES;
				CLANG_WARN_CONSTANT_CONVERSION = YES;
				CLANG_WARN_DIRECT_OBJC_ISA_USAGE = YES_ERROR;
				CLANG_WARN_DOCUMENTATION_COMMENTS = YES;
				CLANG_WARN_EMPTY_BODY = YES;
				CLANG_WARN_ENUM_CONVERSION = YES;
				CLANG_WARN_INFINITE_RECURSION = YES;
				CLANG_WARN_INT_CONVERSION = YES;
				CLANG_WARN_OBJC_ROOT_CLASS = YES_ERROR;
				CLANG_WARN_SUSPICIOUS_MOVE = YES;
				CLANG_WARN_UNREACHABLE_CODE = YES;
				CLANG_WARN__DUPLICATE_METHOD_MATCH = YES;
				"CODE_SIGN_IDENTITY[sdk=iphoneos*]" = "iPhone Developer";
				COPY_PHASE_STRIP = NO;
				DEBUG_INFORMATION_FORMAT = dwarf;
				ENABLE_STRICT_OBJC_MSGSEND = YES;
				ENABLE_TESTABILITY = YES;
				GCC_C_LANGUAGE_STANDARD = gnu99;
				GCC_DYNAMIC_NO_PIC = NO;
				GCC_NO_COMMON_BLOCKS = YES;
				GCC_OPTIMIZATION_LEVEL = 0;
				GCC_PREPROCESSOR_DEFINITIONS = (
					"DEBUG=1",
					"$(inherited)",
				);
				GCC_WARN_64_TO_32_BIT_CONVERSION = YES;
				GCC_WARN_ABOUT_RETURN_TYPE = YES_ERROR;
				GCC_WARN_UNDECLARED_SELECTOR = YES;
				GCC_WARN_UNINITIALIZED_AUTOS = YES_AGGRESSIVE;
				GCC_WARN_UNUSED_FUNCTION = YES;
				GCC_WARN_UNUSED_VARIABLE = YES;
				IPHONEOS_DEPLOYMENT_TARGET = 10.3;
				MTL_ENABLE_DEBUG_INFO = YES;
				ONLY_ACTIVE_ARCH = YES;
				SDKROOT = iphoneos;
				SWIFT_ACTIVE_COMPILATION_CONDITIONS = DEBUG;
				SWIFT_OPTIMIZATION_LEVEL = "-Onone";
			};
			name = Debug;
		};
		A39823231EAA611E005E2A06 /* Release */ = {
			isa = XCBuildConfiguration;
			buildSettings = {
				ALWAYS_SEARCH_USER_PATHS = NO;
				CLANG_ANALYZER_NONNULL = YES;
				CLANG_ANALYZER_NUMBER_OBJECT_CONVERSION = YES_AGGRESSIVE;
				CLANG_CXX_LANGUAGE_STANDARD = "gnu++0x";
				CLANG_CXX_LIBRARY = "libc++";
				CLANG_ENABLE_MODULES = YES;
				CLANG_ENABLE_OBJC_ARC = YES;
				CLANG_WARN_BOOL_CONVERSION = YES;
				CLANG_WARN_CONSTANT_CONVERSION = YES;
				CLANG_WARN_DIRECT_OBJC_ISA_USAGE = YES_ERROR;
				CLANG_WARN_DOCUMENTATION_COMMENTS = YES;
				CLANG_WARN_EMPTY_BODY = YES;
				CLANG_WARN_ENUM_CONVERSION = YES;
				CLANG_WARN_INFINITE_RECURSION = YES;
				CLANG_WARN_INT_CONVERSION = YES;
				CLANG_WARN_OBJC_ROOT_CLASS = YES_ERROR;
				CLANG_WARN_SUSPICIOUS_MOVE = YES;
				CLANG_WARN_UNREACHABLE_CODE = YES;
				CLANG_WARN__DUPLICATE_METHOD_MATCH = YES;
				"CODE_SIGN_IDENTITY[sdk=iphoneos*]" = "iPhone Developer";
				COPY_PHASE_STRIP = NO;
				DEBUG_INFORMATION_FORMAT = "dwarf-with-dsym";
				ENABLE_NS_ASSERTIONS = NO;
				ENABLE_STRICT_OBJC_MSGSEND = YES;
				GCC_C_LANGUAGE_STANDARD = gnu99;
				GCC_NO_COMMON_BLOCKS = YES;
				GCC_WARN_64_TO_32_BIT_CONVERSION = YES;
				GCC_WARN_ABOUT_RETURN_TYPE = YES_ERROR;
				GCC_WARN_UNDECLARED_SELECTOR = YES;
				GCC_WARN_UNINITIALIZED_AUTOS = YES_AGGRESSIVE;
				GCC_WARN_UNUSED_FUNCTION = YES;
				GCC_WARN_UNUSED_VARIABLE = YES;
				IPHONEOS_DEPLOYMENT_TARGET = 10.3;
				MTL_ENABLE_DEBUG_INFO = NO;
				SDKROOT = iphoneos;
				SWIFT_OPTIMIZATION_LEVEL = "-Owholemodule";
				VALIDATE_PRODUCT = YES;
			};
			name = Release;
		};
		A39823251EAA611E005E2A06 /* Debug */ = {
			isa = XCBuildConfiguration;
			buildSettings = {
				ASSETCATALOG_COMPILER_APPICON_NAME = AppIcon;
				DEVELOPMENT_TEAM = PLRTA5B4ZM;
				INFOPLIST_FILE = TechMonster/Info.plist;
				LD_RUNPATH_SEARCH_PATHS = "$(inherited) @executable_path/Frameworks";
				PRODUCT_BUNDLE_IDENTIFIER = com.litech.TechMonster;
				PRODUCT_NAME = "$(TARGET_NAME)";
				SWIFT_VERSION = 3.0;
			};
			name = Debug;
		};
		A39823261EAA611E005E2A06 /* Release */ = {
			isa = XCBuildConfiguration;
			buildSettings = {
				ASSETCATALOG_COMPILER_APPICON_NAME = AppIcon;
				DEVELOPMENT_TEAM = PLRTA5B4ZM;
				INFOPLIST_FILE = TechMonster/Info.plist;
				LD_RUNPATH_SEARCH_PATHS = "$(inherited) @executable_path/Frameworks";
				PRODUCT_BUNDLE_IDENTIFIER = com.litech.TechMonster;
				PRODUCT_NAME = "$(TARGET_NAME)";
				SWIFT_VERSION = 3.0;
			};
			name = Release;
		};
/* End XCBuildConfiguration section */

/* Begin XCConfigurationList section */
		A398230D1EAA611E005E2A06 /* Build configuration list for PBXProject "TechMonster" */ = {
			isa = XCConfigurationList;
			buildConfigurations = (
				A39823221EAA611E005E2A06 /* Debug */,
				A39823231EAA611E005E2A06 /* Release */,
			);
			defaultConfigurationIsVisible = 0;
			defaultConfigurationName = Release;
		};
		A39823241EAA611E005E2A06 /* Build configuration list for PBXNativeTarget "TechMonster" */ = {
			isa = XCConfigurationList;
			buildConfigurations = (
				A39823251EAA611E005E2A06 /* Debug */,
				A39823261EAA611E005E2A06 /* Release */,
			);
			defaultConfigurationIsVisible = 0;
		};
/* End XCConfigurationList section */
	};
	rootObject = A398230A1EAA611E005E2A06 /* Project object */;
}
